// !$*UTF8*$!
{
	archiveVersion = 1;
	classes = {
	};
	objectVersion = 46;
	objects = {

/* Begin PBXBuildFile section */
		7EE21FC41E52D9FA00C1407B /* main.m in Sources */ = {isa = PBXBuildFile; fileRef = 7EE21FC31E52D9FA00C1407B /* main.m */; };
		7EE21FC71E52D9FA00C1407B /* AppDelegate.m in Sources */ = {isa = PBXBuildFile; fileRef = 7EE21FC61E52D9FA00C1407B /* AppDelegate.m */; };
		7EE21FCA1E52D9FA00C1407B /* ViewController.m in Sources */ = {isa = PBXBuildFile; fileRef = 7EE21FC91E52D9FA00C1407B /* ViewController.m */; };
		7EE21FCD1E52D9FA00C1407B /* Main.storyboard in Resources */ = {isa = PBXBuildFile; fileRef = 7EE21FCB1E52D9FA00C1407B /* Main.storyboard */; };
		7EE21FCF1E52D9FA00C1407B /* Assets.xcassets in Resources */ = {isa = PBXBuildFile; fileRef = 7EE21FCE1E52D9FA00C1407B /* Assets.xcassets */; };
		7EE21FD21E52D9FA00C1407B /* LaunchScreen.storyboard in Resources */ = {isa = PBXBuildFile; fileRef = 7EE21FD01E52D9FA00C1407B /* LaunchScreen.storyboard */; };
		7EE21FE81E52DD2800C1407B /* HJBaseModel.m in Sources */ = {isa = PBXBuildFile; fileRef = 7EE21FE71E52DD2800C1407B /* HJBaseModel.m */; };
/* End PBXBuildFile section */

/* Begin PBXFileReference section */
		7EE21FBF1E52D9FA00C1407B /* HJmodel.app */ = {isa = PBXFileReference; explicitFileType = wrapper.application; includeInIndex = 0; path = HJmodel.app; sourceTree = BUILT_PRODUCTS_DIR; };
		7EE21FC31E52D9FA00C1407B /* main.m */ = {isa = PBXFileReference; lastKnownFileType = sourcecode.c.objc; path = main.m; sourceTree = "<group>"; };
		7EE21FC51E52D9FA00C1407B /* AppDelegate.h */ = {isa = PBXFileReference; lastKnownFileType = sourcecode.c.h; path = AppDelegate.h; sourceTree = "<group>"; };
		7EE21FC61E52D9FA00C1407B /* AppDelegate.m */ = {isa = PBXFileReference; lastKnownFileType = sourcecode.c.objc; path = AppDelegate.m; sourceTree = "<group>"; };
		7EE21FC81E52D9FA00C1407B /* ViewController.h */ = {isa = PBXFileReference; lastKnownFileType = sourcecode.c.h; path = ViewController.h; sourceTree = "<group>"; };
		7EE21FC91E52D9FA00C1407B /* ViewController.m */ = {isa = PBXFileReference; lastKnownFileType = sourcecode.c.objc; path = ViewController.m; sourceTree = "<group>"; };
		7EE21FCC1E52D9FA00C1407B /* Base */ = {isa = PBXFileReference; lastKnownFileType = file.storyboard; name = Base; path = Base.lproj/Main.storyboard; sourceTree = "<group>"; };
		7EE21FCE1E52D9FA00C1407B /* Assets.xcassets */ = {isa = PBXFileReference; lastKnownFileType = folder.assetcatalog; path = Assets.xcassets; sourceTree = "<group>"; };
		7EE21FD11E52D9FA00C1407B /* Base */ = {isa = PBXFileReference; lastKnownFileType = file.storyboard; name = Base; path = Base.lproj/LaunchScreen.storyboard; sourceTree = "<group>"; };
		7EE21FD31E52D9FA00C1407B /* Info.plist */ = {isa = PBXFileReference; lastKnownFileType = text.plist.xml; path = Info.plist; sourceTree = "<group>"; };
		7EE21FE61E52DD2800C1407B /* HJBaseModel.h */ = {isa = PBXFileReference; fileEncoding = 4; lastKnownFileType = sourcecode.c.h; path = HJBaseModel.h; sourceTree = "<group>"; };
		7EE21FE71E52DD2800C1407B /* HJBaseModel.m */ = {isa = PBXFileReference; fileEncoding = 4; lastKnownFileType = sourcecode.c.objc; path = HJBaseModel.m; sourceTree = "<group>"; };
/* End PBXFileReference section */

/* Begin PBXFrameworksBuildPhase section */
		7EE21FBC1E52D9FA00C1407B /* Frameworks */ = {
			isa = PBXFrameworksBuildPhase;
			buildActionMask = 2147483647;
			files = (
			);
			runOnlyForDeploymentPostprocessing = 0;
		};
/* End PBXFrameworksBuildPhase section */

/* Begin PBXGroup section */
		7EE21FB61E52D9F900C1407B = {
			isa = PBXGroup;
			children = (
				7EE21FC11E52D9FA00C1407B /* HJmodel */,
				7EE21FC01E52D9FA00C1407B /* Products */,
			);
			sourceTree = "<group>";
		};
		7EE21FC01E52D9FA00C1407B /* Products */ = {
			isa = PBXGroup;
			children = (
				7EE21FBF1E52D9FA00C1407B /* HJmodel.app */,
			);
			name = Products;
			sourceTree = "<group>";
		};
		7EE21FC11E52D9FA00C1407B /* HJmodel */ = {
			isa = PBXGroup;
			children = (
				7EE21FE51E52DD2800C1407B /* HJBaseModel */,
				7EE21FC51E52D9FA00C1407B /* AppDelegate.h */,
				7EE21FC61E52D9FA00C1407B /* AppDelegate.m */,
				7EE21FC81E52D9FA00C1407B /* ViewController.h */,
				7EE21FC91E52D9FA00C1407B /* ViewController.m */,
				7EE21FCB1E52D9FA00C1407B /* Main.storyboard */,
				7EE21FCE1E52D9FA00C1407B /* Assets.xcassets */,
				7EE21FD01E52D9FA00C1407B /* LaunchScreen.storyboard */,
				7EE21FD31E52D9FA00C1407B /* Info.plist */,
				7EE21FC21E52D9FA00C1407B /* Supporting Files */,
			);
			path = HJmodel;
			sourceTree = "<group>";
		};
		7EE21FC21E52D9FA00C1407B /* Supporting Files */ = {
			isa = PBXGroup;
			children = (
				7EE21FC31E52D9FA00C1407B /* main.m */,
			);
			name = "Supporting Files";
			sourceTree = "<group>";
		};
		7EE21FE51E52DD2800C1407B /* HJBaseModel */ = {
			isa = PBXGroup;
			children = (
				7EE21FE61E52DD2800C1407B /* HJBaseModel.h */,
				7EE21FE71E52DD2800C1407B /* HJBaseModel.m */,
			);
			name = HJBaseModel;
			path = ../../../HJBaseModel;
			sourceTree = "<group>";
		};
/* End PBXGroup section */

/* Begin PBXNativeTarget section */
		7EE21FBE1E52D9FA00C1407B /* HJmodel */ = {
			isa = PBXNativeTarget;
			buildConfigurationList = 7EE21FD61E52D9FA00C1407B /* Build configuration list for PBXNativeTarget "HJmodel" */;
			buildPhases = (
				7EE21FBB1E52D9FA00C1407B /* Sources */,
				7EE21FBC1E52D9FA00C1407B /* Frameworks */,
				7EE21FBD1E52D9FA00C1407B /* Resources */,
			);
			buildRules = (
			);
			dependencies = (
			);
			name = HJmodel;
			productName = HJmodel;
			productReference = 7EE21FBF1E52D9FA00C1407B /* HJmodel.app */;
			productType = "com.apple.product-type.application";
		};
/* End PBXNativeTarget section */

/* Begin PBXProject section */
		7EE21FB71E52D9F900C1407B /* Project object */ = {
			isa = PBXProject;
			attributes = {
				LastUpgradeCheck = 0800;
				ORGANIZATIONNAME = huangjian;
				TargetAttributes = {
					7EE21FBE1E52D9FA00C1407B = {
						CreatedOnToolsVersion = 8.0;
						ProvisioningStyle = Automatic;
					};
				};
			};
			buildConfigurationList = 7EE21FBA1E52D9F900C1407B /* Build configuration list for PBXProject "HJmodel" */;
			compatibilityVersion = "Xcode 3.2";
			developmentRegion = English;
			hasScannedForEncodings = 0;
			knownRegions = (
				en,
				Base,
			);
			mainGroup = 7EE21FB61E52D9F900C1407B;
			productRefGroup = 7EE21FC01E52D9FA00C1407B /* Products */;
			projectDirPath = "";
			projectRoot = "";
			targets = (
				7EE21FBE1E52D9FA00C1407B /* HJmodel */,
			);
		};
/* End PBXProject section */

/* Begin PBXResourcesBuildPhase section */
		7EE21FBD1E52D9FA00C1407B /* Resources */ = {
			isa = PBXResourcesBuildPhase;
			buildActionMask = 2147483647;
			files = (
				7EE21FD21E52D9FA00C1407B /* LaunchScreen.storyboard in Resources */,
				7EE21FCF1E52D9FA00C1407B /* Assets.xcassets in Resources */,
				7EE21FCD1E52D9FA00C1407B /* Main.storyboard in Resources */,
			);
			runOnlyForDeploymentPostprocessing = 0;
		};
/* End PBXResourcesBuildPhase section */

/* Begin PBXSourcesBuildPhase section */
		7EE21FBB1E52D9FA00C1407B /* Sources */ = {
			isa = PBXSourcesBuildPhase;
			buildActionMask = 2147483647;
			files = (
				7EE21FCA1E52D9FA00C1407B /* ViewController.m in Sources */,
				7EE21FC71E52D9FA00C1407B /* AppDelegate.m in Sources */,
				7EE21FE81E52DD2800C1407B /* HJBaseModel.m in Sources */,
				7EE21FC41E52D9FA00C1407B /* main.m in Sources */,
			);
			runOnlyForDeploymentPostprocessing = 0;
		};
/* End PBXSourcesBuildPhase section */

/* Begin PBXVariantGroup section */
		7EE21FCB1E52D9FA00C1407B /* Main.storyboard */ = {
			isa = PBXVariantGroup;
			children = (
				7EE21FCC1E52D9FA00C1407B /* Base */,
			);
			name = Main.storyboard;
			sourceTree = "<group>";
		};
		7EE21FD01E52D9FA00C1407B /* LaunchScreen.storyboard */ = {
			isa = PBXVariantGroup;
			children = (
				7EE21FD11E52D9FA00C1407B /* Base */,
			);
			name = LaunchScreen.storyboard;
			sourceTree = "<group>";
		};
/* End PBXVariantGroup section */

/* Begin XCBuildConfiguration section */
		7EE21FD41E52D9FA00C1407B /* Debug */ = {
			isa = XCBuildConfiguration;
			buildSettings = {
				ALWAYS_SEARCH_USER_PATHS = NO;
				CLANG_ANALYZER_NONNULL = YES;
				CLANG_CXX_LANGUAGE_STANDARD = "gnu++0x";
				CLANG_CXX_LIBRARY = "libc++";
				CLANG_ENABLE_MODULES = YES;
				CLANG_ENABLE_OBJC_ARC = YES;
				CLANG_WARN_BOOL_CONVERSION = YES;
				CLANG_WARN_CONSTANT_CONVERSION = YES;
				CLANG_WARN_DIRECT_OBJC_ISA_USAGE = YES_ERROR;
				CLANG_WARN_DOCUMENTATION_COMMENTS = YES;
				CLANG_WARN_EMPTY_BODY = YES;
				CLANG_WARN_ENUM_CONVERSION = YES;
				CLANG_WARN_INFINITE_RECURSION = YES;
				CLANG_WARN_INT_CONVERSION = YES;
				CLANG_WARN_OBJC_ROOT_CLASS = YES_ERROR;
				CLANG_WARN_SUSPICIOUS_MOVES = YES;
				CLANG_WARN_UNREACHABLE_CODE = YES;
				CLANG_WARN__DUPLICATE_METHOD_MATCH = YES;
				"CODE_SIGN_IDENTITY[sdk=iphoneos*]" = "iPhone Developer";
				COPY_PHASE_STRIP = NO;
				DEBUG_INFORMATION_FORMAT = dwarf;
				ENABLE_STRICT_OBJC_MSGSEND = YES;
				ENABLE_TESTABILITY = YES;
				GCC_C_LANGUAGE_STANDARD = gnu99;
				GCC_DYNAMIC_NO_PIC = NO;
				GCC_NO_COMMON_BLOCKS = YES;
				GCC_OPTIMIZATION_LEVEL = 0;
				GCC_PREPROCESSOR_DEFINITIONS = (
					"DEBUG=1",
					"$(inherited)",
				);
				GCC_WARN_64_TO_32_BIT_CONVERSION = YES;
				GCC_WARN_ABOUT_RETURN_TYPE = YES_ERROR;
				GCC_WARN_UNDECLARED_SELECTOR = YES;
				GCC_WARN_UNINITIALIZED_AUTOS = YES_AGGRESSIVE;
				GCC_WARN_UNUSED_FUNCTION = YES;
				GCC_WARN_UNUSED_VARIABLE = YES;
				IPHONEOS_DEPLOYMENT_TARGET = 10.0;
				MTL_ENABLE_DEBUG_INFO = YES;
				ONLY_ACTIVE_ARCH = YES;
				SDKROOT = iphoneos;
			};
			name = Debug;
		};
		7EE21FD51E52D9FA00C1407B /* Release */ = {
			isa = XCBuildConfiguration;
			buildSettings = {
				ALWAYS_SEARCH_USER_PATHS = NO;
				CLANG_ANALYZER_NONNULL = YES;
				CLANG_CXX_LANGUAGE_STANDARD = "gnu++0x";
				CLANG_CXX_LIBRARY = "libc++";
				CLANG_ENABLE_MODULES = YES;
				CLANG_ENABLE_OBJC_ARC = YES;
				CLANG_WARN_BOOL_CONVERSION = YES;
				CLANG_WARN_CONSTANT_CONVERSION = YES;
				CLANG_WARN_DIRECT_OBJC_ISA_USAGE = YES_ERROR;
				CLANG_WARN_DOCUMENTATION_COMMENTS = YES;
				CLANG_WARN_EMPTY_BODY = YES;
				CLANG_WARN_ENUM_CONVERSION = YES;
				CLANG_WARN_INFINITE_RECURSION = YES;
				CLANG_WARN_INT_CONVERSION = YES;
				CLANG_WARN_OBJC_ROOT_CLASS = YES_ERROR;
				CLANG_WARN_SUSPICIOUS_MOVES = YES;
				CLANG_WARN_UNREACHABLE_CODE = YES;
				CLANG_WARN__DUPLICATE_METHOD_MATCH = YES;
				"CODE_SIGN_IDENTITY[sdk=iphoneos*]" = "iPhone Developer";
				COPY_PHASE_STRIP = NO;
				DEBUG_INFORMATION_FORMAT = "dwarf-with-dsym";
				ENABLE_NS_ASSERTIONS = NO;
				ENABLE_STRICT_OBJC_MSGSEND = YES;
				GCC_C_LANGUAGE_STANDARD = gnu99;
				GCC_NO_COMMON_BLOCKS = YES;
				GCC_WARN_64_TO_32_BIT_CONVERSION = YES;
				GCC_WARN_ABOUT_RETURN_TYPE = YES_ERROR;
				GCC_WARN_UNDECLARED_SELECTOR = YES;
				GCC_WARN_UNINITIALIZED_AUTOS = YES_AGGRESSIVE;
				GCC_WARN_UNUSED_FUNCTION = YES;
				GCC_WARN_UNUSED_VARIABLE = YES;
				IPHONEOS_DEPLOYMENT_TARGET = 10.0;
				MTL_ENABLE_DEBUG_INFO = NO;
				SDKROOT = iphoneos;
				VALIDATE_PRODUCT = YES;
			};
			name = Release;
		};
		7EE21FD71E52D9FA00C1407B /* Debug */ = {
			isa = XCBuildConfiguration;
			buildSettings = {
				ASSETCATALOG_COMPILER_APPICON_NAME = AppIcon;
				INFOPLIST_FILE = HJmodel/Info.plist;
				LD_RUNPATH_SEARCH_PATHS = "$(inherited) @executable_path/Frameworks";
				PRODUCT_BUNDLE_IDENTIFIER = com.hj.hjmodel.HJmodel;
				PRODUCT_NAME = "$(TARGET_NAME)";
			};
			name = Debug;
		};
		7EE21FD81E52D9FA00C1407B /* Release */ = {
			isa = XCBuildConfiguration;
			buildSettings = {
				ASSETCATALOG_COMPILER_APPICON_NAME = AppIcon;
				INFOPLIST_FILE = HJmodel/Info.plist;
				LD_RUNPATH_SEARCH_PATHS = "$(inherited) @executable_path/Frameworks";
				PRODUCT_BUNDLE_IDENTIFIER = com.hj.hjmodel.HJmodel;
				PRODUCT_NAME = "$(TARGET_NAME)";
			};
			name = Release;
		};
/* End XCBuildConfiguration section */

/* Begin XCConfigurationList section */
		7EE21FBA1E52D9F900C1407B /* Build configuration list for PBXProject "HJmodel" */ = {
			isa = XCConfigurationList;
			buildConfigurations = (
				7EE21FD41E52D9FA00C1407B /* Debug */,
				7EE21FD51E52D9FA00C1407B /* Release */,
			);
			defaultConfigurationIsVisible = 0;
			defaultConfigurationName = Release;
		};
		7EE21FD61E52D9FA00C1407B /* Build configuration list for PBXNativeTarget "HJmodel" */ = {
			isa = XCConfigurationList;
			buildConfigurations = (
				7EE21FD71E52D9FA00C1407B /* Debug */,
				7EE21FD81E52D9FA00C1407B /* Release */,
			);
			defaultConfigurationIsVisible = 0;
			defaultConfigurationName = Release;
		};
/* End XCConfigurationList section */
	};
	rootObject = 7EE21FB71E52D9F900C1407B /* Project object */;
}
